
Microsoft Visual Studio Solution File, Format Version 12.00
# Visual Studio Version 17
VisualStudioVersion = 17.5.002.0
MinimumVisualStudioVersion = 10.0.40219.1
Project("{9A19103F-16F7-4668-BE54-9A1E7A4F7556}") = "NewTalents", "NewTalents\NewTalents.csproj", "{25BAD950-099D-4FE8-A16B-A295E27CBF02}"
EndProject
Project("{FAE04EC0-301F-11D3-BF4B-00C04F79EFBC}") = "NewTalentTests", "NewTalentTests\NewTalentTests.csproj", "{B6CC8376-6B41-4347-A8BA-D0916FE05C64}"
EndProject
Global
	GlobalSection(SolutionConfigurationPlatforms) = preSolution
		Debug|Any CPU = Debug|Any CPU
		Release|Any CPU = Release|Any CPU
	EndGlobalSection
	GlobalSection(ProjectConfigurationPlatforms) = postSolution
		{25BAD950-099D-4FE8-A16B-A295E27CBF02}.Debug|Any CPU.ActiveCfg = Debug|Any CPU
		{25BAD950-099D-4FE8-A16B-A295E27CBF02}.Debug|Any CPU.Build.0 = Debug|Any CPU
		{25BAD950-099D-4FE8-A16B-A295E27CBF02}.Release|Any CPU.ActiveCfg = Release|Any CPU
		{25BAD950-099D-4FE8-A16B-A295E27CBF02}.Release|Any CPU.Build.0 = Release|Any CPU
		{B6CC8376-6B41-4347-A8BA-D0916FE05C64}.Debug|Any CPU.ActiveCfg = Debug|Any CPU
		{B6CC8376-6B41-4347-A8BA-D0916FE05C64}.Debug|Any CPU.Build.0 = Debug|Any CPU
		{B6CC8376-6B41-4347-A8BA-D0916FE05C64}.Release|Any CPU.ActiveCfg = Release|Any CPU
		{B6CC8376-6B41-4347-A8BA-D0916FE05C64}.Release|Any CPU.Build.0 = Release|Any CPU
	EndGlobalSection
	GlobalSection(SolutionProperties) = preSolution
		HideSolutionNode = FALSE
	EndGlobalSection
	GlobalSection(ExtensibilityGlobals) = postSolution
		SolutionGuid = {FCD10CFF-F8D7-4B7A-A10B-DFC01CC4482E}
	EndGlobalSection
EndGlobal
